
Microsoft Visual Studio Solution File, Format Version 12.00
# Visual Studio Version 17
VisualStudioVersion = 17.13.35825.156 d17.13
MinimumVisualStudioVersion = 10.0.40219.1
Project("{FAE04EC0-301F-11D3-BF4B-00C04F79EFBC}") = "samples", "samples.csproj", "{E4872347-A244-1216-9685-2A128BFF7897}"
EndProject
Project("{FAE04EC0-301F-11D3-BF4B-00C04F79EFBC}") = "AzureStorageWrapper", "..\..\..\..\..\src\AzureStorageWrapper\AzureStorageWrapper.csproj", "{EA9579CA-1424-4E11-53E8-3B6515FF217F}"
EndProject
Global
	GlobalSection(SolutionConfigurationPlatforms) = preSolution
		Debug|Any CPU = Debug|Any CPU
		Release|Any CPU = Release|Any CPU
	EndGlobalSection
	GlobalSection(ProjectConfigurationPlatforms) = postSolution
		{E4872347-A244-1216-9685-2A128BFF7897}.Debug|Any CPU.ActiveCfg = Debug|Any CPU
		{E4872347-A244-1216-9685-2A128BFF7897}.Debug|Any CPU.Build.0 = Debug|Any CPU
		{E4872347-A244-1216-9685-2A128BFF7897}.Release|Any CPU.ActiveCfg = Release|Any CPU
		{E4872347-A244-1216-9685-2A128BFF7897}.Release|Any CPU.Build.0 = Release|Any CPU
		{EA9579CA-1424-4E11-53E8-3B6515FF217F}.Debug|Any CPU.ActiveCfg = Debug|Any CPU
		{EA9579CA-1424-4E11-53E8-3B6515FF217F}.Debug|Any CPU.Build.0 = Debug|Any CPU
		{EA9579CA-1424-4E11-53E8-3B6515FF217F}.Release|Any CPU.ActiveCfg = Release|Any CPU
		{EA9579CA-1424-4E11-53E8-3B6515FF217F}.Release|Any CPU.Build.0 = Release|Any CPU
	EndGlobalSection
	GlobalSection(SolutionProperties) = preSolution
		HideSolutionNode = FALSE
	EndGlobalSection
	GlobalSection(ExtensibilityGlobals) = postSolution
		SolutionGuid = {D8263C58-8E2F-4657-9352-C360ABC107CC}
	EndGlobalSection
EndGlobal
